// !$*UTF8*$!
{
	archiveVersion = 1;
	classes = {
	};
	objectVersion = 46;
	objects = {

/* Begin PBXBuildFile section */
		0482833C21D19D1B008D800E /* ui.png in Copy Resources */ = {isa = PBXBuildFile; fileRef = 042BE7F418864A5E00EB0DF0 /* ui.png */; };
		0482833D21D19D1B008D800E /* font.png in Copy Resources */ = {isa = PBXBuildFile; fileRef = 042BE7EC18860D8100EB0DF0 /* font.png */; };
		0482834121D2A990008D800E /* SDL2_image.framework in Frameworks */ = {isa = PBXBuildFile; fileRef = 0482834021D2A990008D800E /* SDL2_image.framework */; };
		0482834321D2A99D008D800E /* SDL2.framework in Frameworks */ = {isa = PBXBuildFile; fileRef = 0482834221D2A99D008D800E /* SDL2.framework */; };
		0492642E21D54F53001BB26C /* aargon.cpp in Sources */ = {isa = PBXBuildFile; fileRef = 0492641621D54F53001BB26C /* aargon.cpp */; };
		0492642F21D54F53001BB26C /* files.cpp in Sources */ = {isa = PBXBuildFile; fileRef = 0492641721D54F53001BB26C /* files.cpp */; };
		0492643021D54F53001BB26C /* level.cpp in Sources */ = {isa = PBXBuildFile; fileRef = 0492641B21D54F53001BB26C /* level.cpp */; };
		0492643121D54F53001BB26C /* pieces.cpp in Sources */ = {isa = PBXBuildFile; fileRef = 0492641E21D54F53001BB26C /* pieces.cpp */; };
		0492643221D54F53001BB26C /* common.cpp in Sources */ = {isa = PBXBuildFile; fileRef = 0492642021D54F53001BB26C /* common.cpp */; };
		0492643321D54F53001BB26C /* view_levelselect.cpp in Sources */ = {isa = PBXBuildFile; fileRef = 0492642321D54F53001BB26C /* view_levelselect.cpp */; };
		0492643421D54F53001BB26C /* view_packselect.cpp in Sources */ = {isa = PBXBuildFile; fileRef = 0492642A21D54F53001BB26C /* view_packselect.cpp */; };
		0492643521D54F53001BB26C /* gfx.cpp in Sources */ = {isa = PBXBuildFile; fileRef = 0492642B21D54F53001BB26C /* gfx.cpp */; };
		0492643621D54F53001BB26C /* view_level.cpp in Sources */ = {isa = PBXBuildFile; fileRef = 0492642C21D54F53001BB26C /* view_level.cpp */; };
		0492643721D54F53001BB26C /* game.cpp in Sources */ = {isa = PBXBuildFile; fileRef = 0492642D21D54F53001BB26C /* game.cpp */; };
		0492643A21D54F60001BB26C /* SDLMain.mm in Sources */ = {isa = PBXBuildFile; fileRef = 0492643921D54F60001BB26C /* SDLMain.mm */; };
		0492643B21D5502C001BB26C /* SDL2.framework in Copy SDL Framework */ = {isa = PBXBuildFile; fileRef = 0482834221D2A99D008D800E /* SDL2.framework */; settings = {ATTRIBUTES = (CodeSignOnCopy, RemoveHeadersOnCopy, ); }; };
		0492643C21D5502C001BB26C /* SDL2_image.framework in Copy SDL Framework */ = {isa = PBXBuildFile; fileRef = 0482834021D2A990008D800E /* SDL2_image.framework */; settings = {ATTRIBUTES = (CodeSignOnCopy, RemoveHeadersOnCopy, ); }; };
		0492643F21D551C7001BB26C /* aargon in CopyFiles */ = {isa = PBXBuildFile; fileRef = 0492643E21D551C7001BB26C /* aargon */; };
		04EEB486187E705800CA4BFB /* Cocoa.framework in Frameworks */ = {isa = PBXBuildFile; fileRef = 04EEB485187E705800CA4BFB /* Cocoa.framework */; };
		04EEB490187E705800CA4BFB /* InfoPlist.strings in Resources */ = {isa = PBXBuildFile; fileRef = 04EEB48E187E705800CA4BFB /* InfoPlist.strings */; };
		04EEB4A2187E706E00CA4BFB /* AppKit.framework in Frameworks */ = {isa = PBXBuildFile; fileRef = 04EEB488187E705800CA4BFB /* AppKit.framework */; };
		04EEB4D7187E76F600CA4BFB /* tiles.png in Copy Resources */ = {isa = PBXBuildFile; fileRef = 04EEB4BD187E72E200CA4BFB /* tiles.png */; };
/* End PBXBuildFile section */

/* Begin PBXCopyFilesBuildPhase section */
		0482833921D197B3008D800E /* Copy SDL Framework */ = {
			isa = PBXCopyFilesBuildPhase;
			buildActionMask = 2147483647;
			dstPath = "";
			dstSubfolderSpec = 10;
			files = (
				0492643B21D5502C001BB26C /* SDL2.framework in Copy SDL Framework */,
				0492643C21D5502C001BB26C /* SDL2_image.framework in Copy SDL Framework */,
			);
			name = "Copy SDL Framework";
			runOnlyForDeploymentPostprocessing = 0;
		};
		0492643D21D55183001BB26C /* CopyFiles */ = {
			isa = PBXCopyFilesBuildPhase;
			buildActionMask = 2147483647;
			dstPath = "";
			dstSubfolderSpec = 16;
			files = (
				0492643F21D551C7001BB26C /* aargon in CopyFiles */,
			);
			runOnlyForDeploymentPostprocessing = 0;
		};
		04EEB4CE187E76D500CA4BFB /* Copy Resources */ = {
			isa = PBXCopyFilesBuildPhase;
			buildActionMask = 2147483647;
			dstPath = data;
			dstSubfolderSpec = 16;
			files = (
				0482833C21D19D1B008D800E /* ui.png in Copy Resources */,
				0482833D21D19D1B008D800E /* font.png in Copy Resources */,
				04EEB4D7187E76F600CA4BFB /* tiles.png in Copy Resources */,
			);
			name = "Copy Resources";
			runOnlyForDeploymentPostprocessing = 0;
		};
/* End PBXCopyFilesBuildPhase section */

/* Begin PBXFileReference section */
		042BE7EC18860D8100EB0DF0 /* font.png */ = {isa = PBXFileReference; lastKnownFileType = image.png; path = font.png; sourceTree = "<group>"; };
		042BE7F418864A5E00EB0DF0 /* ui.png */ = {isa = PBXFileReference; lastKnownFileType = image.png; path = ui.png; sourceTree = "<group>"; };
		0482834021D2A990008D800E /* SDL2_image.framework */ = {isa = PBXFileReference; lastKnownFileType = wrapper.framework; path = SDL2_image.framework; sourceTree = "<group>"; };
		0482834221D2A99D008D800E /* SDL2.framework */ = {isa = PBXFileReference; lastKnownFileType = wrapper.framework; path = SDL2.framework; sourceTree = "<group>"; };
		0492641621D54F53001BB26C /* aargon.cpp */ = {isa = PBXFileReference; fileEncoding = 4; lastKnownFileType = sourcecode.cpp.cpp; path = aargon.cpp; sourceTree = "<group>"; };
		0492641721D54F53001BB26C /* files.cpp */ = {isa = PBXFileReference; fileEncoding = 4; lastKnownFileType = sourcecode.cpp.cpp; path = files.cpp; sourceTree = "<group>"; };
		0492641821D54F53001BB26C /* files.h */ = {isa = PBXFileReference; fileEncoding = 4; lastKnownFileType = sourcecode.c.h; path = files.h; sourceTree = "<group>"; };
		0492641921D54F53001BB26C /* aargon.h */ = {isa = PBXFileReference; fileEncoding = 4; lastKnownFileType = sourcecode.c.h; path = aargon.h; sourceTree = "<group>"; };
		0492641B21D54F53001BB26C /* level.cpp */ = {isa = PBXFileReference; fileEncoding = 4; lastKnownFileType = sourcecode.cpp.cpp; path = level.cpp; sourceTree = "<group>"; };
		0492641C21D54F53001BB26C /* level.h */ = {isa = PBXFileReference; fileEncoding = 4; lastKnownFileType = sourcecode.c.h; path = level.h; sourceTree = "<group>"; };
		0492641D21D54F53001BB26C /* pieces.h */ = {isa = PBXFileReference; fileEncoding = 4; lastKnownFileType = sourcecode.c.h; path = pieces.h; sourceTree = "<group>"; };
		0492641E21D54F53001BB26C /* pieces.cpp */ = {isa = PBXFileReference; fileEncoding = 4; lastKnownFileType = sourcecode.cpp.cpp; path = pieces.cpp; sourceTree = "<group>"; };
		0492642021D54F53001BB26C /* common.cpp */ = {isa = PBXFileReference; fileEncoding = 4; lastKnownFileType = sourcecode.cpp.cpp; path = common.cpp; sourceTree = "<group>"; };
		0492642121D54F53001BB26C /* common.h */ = {isa = PBXFileReference; fileEncoding = 4; lastKnownFileType = sourcecode.c.h; path = common.h; sourceTree = "<group>"; };
		0492642321D54F53001BB26C /* view_levelselect.cpp */ = {isa = PBXFileReference; fileEncoding = 4; lastKnownFileType = sourcecode.cpp.cpp; path = view_levelselect.cpp; sourceTree = "<group>"; };
		0492642421D54F53001BB26C /* ui.h */ = {isa = PBXFileReference; fileEncoding = 4; lastKnownFileType = sourcecode.c.h; path = ui.h; sourceTree = "<group>"; };
		0492642521D54F53001BB26C /* view_packselect.h */ = {isa = PBXFileReference; fileEncoding = 4; lastKnownFileType = sourcecode.c.h; path = view_packselect.h; sourceTree = "<group>"; };
		0492642621D54F53001BB26C /* view_level.h */ = {isa = PBXFileReference; fileEncoding = 4; lastKnownFileType = sourcecode.c.h; path = view_level.h; sourceTree = "<group>"; };
		0492642721D54F53001BB26C /* view_levelselect.h */ = {isa = PBXFileReference; fileEncoding = 4; lastKnownFileType = sourcecode.c.h; path = view_levelselect.h; sourceTree = "<group>"; };
		0492642821D54F53001BB26C /* game.h */ = {isa = PBXFileReference; fileEncoding = 4; lastKnownFileType = sourcecode.c.h; path = game.h; sourceTree = "<group>"; };
		0492642921D54F53001BB26C /* gfx.h */ = {isa = PBXFileReference; fileEncoding = 4; lastKnownFileType = sourcecode.c.h; path = gfx.h; sourceTree = "<group>"; };
		0492642A21D54F53001BB26C /* view_packselect.cpp */ = {isa = PBXFileReference; fileEncoding = 4; lastKnownFileType = sourcecode.cpp.cpp; path = view_packselect.cpp; sourceTree = "<group>"; };
		0492642B21D54F53001BB26C /* gfx.cpp */ = {isa = PBXFileReference; fileEncoding = 4; lastKnownFileType = sourcecode.cpp.cpp; path = gfx.cpp; sourceTree = "<group>"; };
		0492642C21D54F53001BB26C /* view_level.cpp */ = {isa = PBXFileReference; fileEncoding = 4; lastKnownFileType = sourcecode.cpp.cpp; path = view_level.cpp; sourceTree = "<group>"; };
		0492642D21D54F53001BB26C /* game.cpp */ = {isa = PBXFileReference; fileEncoding = 4; lastKnownFileType = sourcecode.cpp.cpp; path = game.cpp; sourceTree = "<group>"; };
		0492643821D54F60001BB26C /* SDLMain.h */ = {isa = PBXFileReference; fileEncoding = 4; lastKnownFileType = sourcecode.c.h; name = SDLMain.h; path = platforms/macos/SDLMain.h; sourceTree = "<group>"; };
		0492643921D54F60001BB26C /* SDLMain.mm */ = {isa = PBXFileReference; fileEncoding = 4; lastKnownFileType = sourcecode.cpp.objcpp; name = SDLMain.mm; path = platforms/macos/SDLMain.mm; sourceTree = "<group>"; };
		0492643E21D551C7001BB26C /* aargon */ = {isa = PBXFileReference; lastKnownFileType = folder; path = aargon; sourceTree = "<group>"; };
		04EEB482187E705800CA4BFB /* Lazers.app */ = {isa = PBXFileReference; explicitFileType = wrapper.application; includeInIndex = 0; path = Lazers.app; sourceTree = BUILT_PRODUCTS_DIR; };
		04EEB485187E705800CA4BFB /* Cocoa.framework */ = {isa = PBXFileReference; lastKnownFileType = wrapper.framework; name = Cocoa.framework; path = System/Library/Frameworks/Cocoa.framework; sourceTree = SDKROOT; };
		04EEB488187E705800CA4BFB /* AppKit.framework */ = {isa = PBXFileReference; lastKnownFileType = wrapper.framework; name = AppKit.framework; path = System/Library/Frameworks/AppKit.framework; sourceTree = SDKROOT; };
		04EEB48A187E705800CA4BFB /* Foundation.framework */ = {isa = PBXFileReference; lastKnownFileType = wrapper.framework; name = Foundation.framework; path = System/Library/Frameworks/Foundation.framework; sourceTree = SDKROOT; };
		04EEB48D187E705800CA4BFB /* Lazers-Info.plist */ = {isa = PBXFileReference; lastKnownFileType = text.plist.xml; path = "Lazers-Info.plist"; sourceTree = SOURCE_ROOT; };
		04EEB48F187E705800CA4BFB /* en */ = {isa = PBXFileReference; lastKnownFileType = text.plist.strings; name = en; path = en.lproj/InfoPlist.strings; sourceTree = "<group>"; };
		04EEB4A3187E706E00CA4BFB /* CoreFoundation.framework */ = {isa = PBXFileReference; lastKnownFileType = wrapper.framework; name = CoreFoundation.framework; path = System/Library/Frameworks/CoreFoundation.framework; sourceTree = SDKROOT; };
		04EEB4BD187E72E200CA4BFB /* tiles.png */ = {isa = PBXFileReference; lastKnownFileType = image.png; path = tiles.png; sourceTree = "<group>"; };
/* End PBXFileReference section */

/* Begin PBXFrameworksBuildPhase section */
		04EEB47F187E705800CA4BFB /* Frameworks */ = {
			isa = PBXFrameworksBuildPhase;
			buildActionMask = 2147483647;
			files = (
				04EEB4A2187E706E00CA4BFB /* AppKit.framework in Frameworks */,
				04EEB486187E705800CA4BFB /* Cocoa.framework in Frameworks */,
				0482834121D2A990008D800E /* SDL2_image.framework in Frameworks */,
				0482834321D2A99D008D800E /* SDL2.framework in Frameworks */,
			);
			runOnlyForDeploymentPostprocessing = 0;
		};
/* End PBXFrameworksBuildPhase section */

/* Begin PBXGroup section */
		0492641521D54F53001BB26C /* files */ = {
			isa = PBXGroup;
			children = (
				0492641621D54F53001BB26C /* aargon.cpp */,
				0492641721D54F53001BB26C /* files.cpp */,
				0492641821D54F53001BB26C /* files.h */,
				0492641921D54F53001BB26C /* aargon.h */,
			);
			path = files;
			sourceTree = "<group>";
		};
		0492641A21D54F53001BB26C /* core */ = {
			isa = PBXGroup;
			children = (
				0492641B21D54F53001BB26C /* level.cpp */,
				0492641C21D54F53001BB26C /* level.h */,
				0492641D21D54F53001BB26C /* pieces.h */,
				0492641E21D54F53001BB26C /* pieces.cpp */,
			);
			path = core;
			sourceTree = "<group>";
		};
		0492641F21D54F53001BB26C /* common */ = {
			isa = PBXGroup;
			children = (
				0492642021D54F53001BB26C /* common.cpp */,
				0492642121D54F53001BB26C /* common.h */,
			);
			path = common;
			sourceTree = "<group>";
		};
		0492642221D54F53001BB26C /* sdl */ = {
			isa = PBXGroup;
			children = (
				0492642321D54F53001BB26C /* view_levelselect.cpp */,
				0492642421D54F53001BB26C /* ui.h */,
				0492642521D54F53001BB26C /* view_packselect.h */,
				0492642621D54F53001BB26C /* view_level.h */,
				0492642721D54F53001BB26C /* view_levelselect.h */,
				0492642821D54F53001BB26C /* game.h */,
				0492642921D54F53001BB26C /* gfx.h */,
				0492642A21D54F53001BB26C /* view_packselect.cpp */,
				0492642B21D54F53001BB26C /* gfx.cpp */,
				0492642C21D54F53001BB26C /* view_level.cpp */,
				0492642D21D54F53001BB26C /* game.cpp */,
			);
			path = sdl;
			sourceTree = "<group>";
		};
		04EEB479187E705800CA4BFB = {
			isa = PBXGroup;
			children = (
				04EEB4B3187E72E200CA4BFB /* data */,
				04EEB48B187E705800CA4BFB /* src */,
				04EEB484187E705800CA4BFB /* Frameworks */,
				04EEB483187E705800CA4BFB /* Products */,
			);
			sourceTree = "<group>";
		};
		04EEB483187E705800CA4BFB /* Products */ = {
			isa = PBXGroup;
			children = (
				04EEB482187E705800CA4BFB /* Lazers.app */,
			);
			name = Products;
			sourceTree = "<group>";
		};
		04EEB484187E705800CA4BFB /* Frameworks */ = {
			isa = PBXGroup;
			children = (
				0482834221D2A99D008D800E /* SDL2.framework */,
				0482834021D2A990008D800E /* SDL2_image.framework */,
				04EEB4A3187E706E00CA4BFB /* CoreFoundation.framework */,
				04EEB485187E705800CA4BFB /* Cocoa.framework */,
				04EEB487187E705800CA4BFB /* Other Frameworks */,
			);
			name = Frameworks;
			sourceTree = "<group>";
		};
		04EEB487187E705800CA4BFB /* Other Frameworks */ = {
			isa = PBXGroup;
			children = (
				04EEB488187E705800CA4BFB /* AppKit.framework */,
				04EEB48A187E705800CA4BFB /* Foundation.framework */,
			);
			name = "Other Frameworks";
			sourceTree = "<group>";
		};
		04EEB48B187E705800CA4BFB /* src */ = {
			isa = PBXGroup;
			children = (
				0492641F21D54F53001BB26C /* common */,
				0492641A21D54F53001BB26C /* core */,
				0492641521D54F53001BB26C /* files */,
				0492642221D54F53001BB26C /* sdl */,
				0492643821D54F60001BB26C /* SDLMain.h */,
				0492643921D54F60001BB26C /* SDLMain.mm */,
				04EEB48C187E705800CA4BFB /* Supporting Files */,
			);
			name = src;
			path = ../../src;
			sourceTree = SOURCE_ROOT;
		};
		04EEB48C187E705800CA4BFB /* Supporting Files */ = {
			isa = PBXGroup;
			children = (
				04EEB48D187E705800CA4BFB /* Lazers-Info.plist */,
				04EEB48E187E705800CA4BFB /* InfoPlist.strings */,
			);
			name = "Supporting Files";
			sourceTree = "<group>";
		};
		04EEB4B3187E72E200CA4BFB /* data */ = {
			isa = PBXGroup;
			children = (
				0492643E21D551C7001BB26C /* aargon */,
				042BE7F418864A5E00EB0DF0 /* ui.png */,
				042BE7EC18860D8100EB0DF0 /* font.png */,
				04EEB4BD187E72E200CA4BFB /* tiles.png */,
			);
			name = data;
			path = ../../data;
			sourceTree = SOURCE_ROOT;
		};
/* End PBXGroup section */

/* Begin PBXNativeTarget section */
		04EEB481187E705800CA4BFB /* Lazers */ = {
			isa = PBXNativeTarget;
			buildConfigurationList = 04EEB49F187E705800CA4BFB /* Build configuration list for PBXNativeTarget "Lazers" */;
			buildPhases = (
				04EEB47E187E705800CA4BFB /* Sources */,
				04EEB47F187E705800CA4BFB /* Frameworks */,
				04EEB480187E705800CA4BFB /* Resources */,
				04EEB4CE187E76D500CA4BFB /* Copy Resources */,
				0482833921D197B3008D800E /* Copy SDL Framework */,
				0492643D21D55183001BB26C /* CopyFiles */,
			);
			buildRules = (
			);
			dependencies = (
			);
			name = Lazers;
			productName = Lazers;
			productReference = 04EEB482187E705800CA4BFB /* Lazers.app */;
			productType = "com.apple.product-type.application";
		};
/* End PBXNativeTarget section */

/* Begin PBXProject section */
		04EEB47A187E705800CA4BFB /* Project object */ = {
			isa = PBXProject;
			attributes = {
				LastUpgradeCheck = 0730;
				ORGANIZATIONNAME = Jack;
			};
			buildConfigurationList = 04EEB47D187E705800CA4BFB /* Build configuration list for PBXProject "Lazers" */;
			compatibilityVersion = "Xcode 3.2";
			developmentRegion = English;
			hasScannedForEncodings = 0;
			knownRegions = (
				en,
			);
			mainGroup = 04EEB479187E705800CA4BFB;
			productRefGroup = 04EEB483187E705800CA4BFB /* Products */;
			projectDirPath = "";
			projectRoot = "";
			targets = (
				04EEB481187E705800CA4BFB /* Lazers */,
			);
		};
/* End PBXProject section */

/* Begin PBXResourcesBuildPhase section */
		04EEB480187E705800CA4BFB /* Resources */ = {
			isa = PBXResourcesBuildPhase;
			buildActionMask = 2147483647;
			files = (
				04EEB490187E705800CA4BFB /* InfoPlist.strings in Resources */,
			);
			runOnlyForDeploymentPostprocessing = 0;
		};
/* End PBXResourcesBuildPhase section */

/* Begin PBXSourcesBuildPhase section */
		04EEB47E187E705800CA4BFB /* Sources */ = {
			isa = PBXSourcesBuildPhase;
			buildActionMask = 2147483647;
			files = (
				0492643021D54F53001BB26C /* level.cpp in Sources */,
				0492642F21D54F53001BB26C /* files.cpp in Sources */,
				0492643721D54F53001BB26C /* game.cpp in Sources */,
				0492643221D54F53001BB26C /* common.cpp in Sources */,
				0492643121D54F53001BB26C /* pieces.cpp in Sources */,
				0492643621D54F53001BB26C /* view_level.cpp in Sources */,
				0492643321D54F53001BB26C /* view_levelselect.cpp in Sources */,
				0492642E21D54F53001BB26C /* aargon.cpp in Sources */,
				0492643521D54F53001BB26C /* gfx.cpp in Sources */,
				0492643421D54F53001BB26C /* view_packselect.cpp in Sources */,
				0492643A21D54F60001BB26C /* SDLMain.mm in Sources */,
			);
			runOnlyForDeploymentPostprocessing = 0;
		};
/* End PBXSourcesBuildPhase section */

/* Begin PBXVariantGroup section */
		04EEB48E187E705800CA4BFB /* InfoPlist.strings */ = {
			isa = PBXVariantGroup;
			children = (
				04EEB48F187E705800CA4BFB /* en */,
			);
			name = InfoPlist.strings;
			sourceTree = SOURCE_ROOT;
		};
/* End PBXVariantGroup section */

/* Begin XCBuildConfiguration section */
		04EEB49D187E705800CA4BFB /* Debug */ = {
			isa = XCBuildConfiguration;
			buildSettings = {
				ALWAYS_SEARCH_USER_PATHS = NO;
				CLANG_CXX_LANGUAGE_STANDARD = "gnu++0x";
				CLANG_CXX_LIBRARY = "libc++";
				CLANG_WARN_CONSTANT_CONVERSION = YES;
				CLANG_WARN_EMPTY_BODY = YES;
				CLANG_WARN_ENUM_CONVERSION = YES;
				CLANG_WARN_INT_CONVERSION = YES;
				CLANG_WARN__DUPLICATE_METHOD_MATCH = YES;
				COPY_PHASE_STRIP = NO;
				ENABLE_TESTABILITY = YES;
				FRAMEWORK_SEARCH_PATHS = "${SRCROOT}";
				GCC_C_LANGUAGE_STANDARD = gnu99;
				GCC_DYNAMIC_NO_PIC = NO;
				GCC_ENABLE_OBJC_EXCEPTIONS = YES;
				GCC_OPTIMIZATION_LEVEL = 0;
				GCC_PREPROCESSOR_DEFINITIONS = (
					"DEBUG=1",
					"$(inherited)",
				);
				GCC_SYMBOLS_PRIVATE_EXTERN = NO;
				GCC_WARN_64_TO_32_BIT_CONVERSION = YES;
				GCC_WARN_ABOUT_RETURN_TYPE = YES;
				GCC_WARN_UNINITIALIZED_AUTOS = YES;
				GCC_WARN_UNUSED_VARIABLE = YES;
				HEADER_SEARCH_PATHS = (
					"${SRCROOT}/SDL.framework/Headers",
					"${SRCROOT}/SDL_image.framework/Headers",
				);
				LD_RUNPATH_SEARCH_PATHS = "@loader_path/../Frameworks";
				MACOSX_DEPLOYMENT_TARGET = 10.13;
				ONLY_ACTIVE_ARCH = YES;
				SDKROOT = macosx;
			};
			name = Debug;
		};
		04EEB49E187E705800CA4BFB /* Release */ = {
			isa = XCBuildConfiguration;
			buildSettings = {
				ALWAYS_SEARCH_USER_PATHS = NO;
				CLANG_CXX_LANGUAGE_STANDARD = "gnu++0x";
				CLANG_CXX_LIBRARY = "libc++";
				CLANG_WARN_CONSTANT_CONVERSION = YES;
				CLANG_WARN_EMPTY_BODY = YES;
				CLANG_WARN_ENUM_CONVERSION = YES;
				CLANG_WARN_INT_CONVERSION = YES;
				CLANG_WARN__DUPLICATE_METHOD_MATCH = YES;
				COPY_PHASE_STRIP = YES;
				DEBUG_INFORMATION_FORMAT = "dwarf-with-dsym";
				FRAMEWORK_SEARCH_PATHS = "${SRCROOT}";
				GCC_C_LANGUAGE_STANDARD = gnu99;
				GCC_ENABLE_OBJC_EXCEPTIONS = YES;
				GCC_WARN_64_TO_32_BIT_CONVERSION = YES;
				GCC_WARN_ABOUT_RETURN_TYPE = YES;
				GCC_WARN_UNINITIALIZED_AUTOS = YES;
				GCC_WARN_UNUSED_VARIABLE = YES;
				HEADER_SEARCH_PATHS = (
					"${SRCROOT}/SDL.framework/Headers",
					"${SRCROOT}/SDL_image.framework/Headers",
				);
				LD_RUNPATH_SEARCH_PATHS = "@loader_path/../Frameworks";
				MACOSX_DEPLOYMENT_TARGET = 10.13;
				SDKROOT = macosx;
			};
			name = Release;
		};
		04EEB4A0187E705800CA4BFB /* Debug */ = {
			isa = XCBuildConfiguration;
			buildSettings = {
				COMBINE_HIDPI_IMAGES = YES;
				FRAMEWORK_SEARCH_PATHS = (
					"$(inherited)",
					"$(PROJECT_DIR)",
				);
				GCC_PRECOMPILE_PREFIX_HEADER = NO;
				GCC_PREFIX_HEADER = "";
				HEADER_SEARCH_PATHS = (
					"${SRCROOT}/SDL2.framework/Headers",
					"${SRCROOT}/SDL2_image.framework/Headers",
					"${SRCROOT}/../../src",
				);
				INFOPLIST_FILE = "Lazers-Info.plist";
				OTHER_CPLUSPLUSFLAGS = "$(OTHER_CFLAGS)";
				PRODUCT_BUNDLE_IDENTIFIER = "com.pixbits.${PRODUCT_NAME:rfc1034identifier}";
				PRODUCT_NAME = "$(TARGET_NAME)";
				USE_HEADERMAP = NO;
				WARNING_CFLAGS = "-Wall";
				WRAPPER_EXTENSION = app;
			};
			name = Debug;
		};
		04EEB4A1187E705800CA4BFB /* Release */ = {
			isa = XCBuildConfiguration;
			buildSettings = {
				COMBINE_HIDPI_IMAGES = YES;
				FRAMEWORK_SEARCH_PATHS = (
					"$(inherited)",
					"$(PROJECT_DIR)",
				);
				GCC_PRECOMPILE_PREFIX_HEADER = NO;
				GCC_PREFIX_HEADER = "";
				HEADER_SEARCH_PATHS = (
					"${SRCROOT}/SDL2.framework/Headers",
					"${SRCROOT}/SDL2_image.framework/Headers",
					"${SRCROOT}/../../src",
				);
				INFOPLIST_FILE = "Lazers-Info.plist";
				OTHER_CPLUSPLUSFLAGS = "$(OTHER_CFLAGS)";
				PRODUCT_BUNDLE_IDENTIFIER = "com.pixbits.${PRODUCT_NAME:rfc1034identifier}";
				PRODUCT_NAME = "$(TARGET_NAME)";
				USE_HEADERMAP = NO;
				WARNING_CFLAGS = "-Wall";
				WRAPPER_EXTENSION = app;
			};
			name = Release;
		};
/* End XCBuildConfiguration section */

/* Begin XCConfigurationList section */
		04EEB47D187E705800CA4BFB /* Build configuration list for PBXProject "Lazers" */ = {
			isa = XCConfigurationList;
			buildConfigurations = (
				04EEB49D187E705800CA4BFB /* Debug */,
				04EEB49E187E705800CA4BFB /* Release */,
			);
			defaultConfigurationIsVisible = 0;
			defaultConfigurationName = Release;
		};
		04EEB49F187E705800CA4BFB /* Build configuration list for PBXNativeTarget "Lazers" */ = {
			isa = XCConfigurationList;
			buildConfigurations = (
				04EEB4A0187E705800CA4BFB /* Debug */,
				04EEB4A1187E705800CA4BFB /* Release */,
			);
			defaultConfigurationIsVisible = 0;
			defaultConfigurationName = Release;
		};
/* End XCConfigurationList section */
	};
	rootObject = 04EEB47A187E705800CA4BFB /* Project object */;
}
